
Microsoft Visual Studio Solution File, Format Version 12.00
# Visual Studio Version 17
VisualStudioVersion = 17.4.33213.308
MinimumVisualStudioVersion = 10.0.40219.1
Project("{FAE04EC0-301F-11D3-BF4B-00C04F79EFBC}") = "Serilog.Sinks.Router", "Serilog.Sinks.Router\Serilog.Sinks.Router.csproj", "{7996D4D5-2218-48D7-B4E7-96BA4EBC3BD7}"
EndProject
Global
	GlobalSection(SolutionConfigurationPlatforms) = preSolution
		Debug|Any CPU = Debug|Any CPU
		Release|Any CPU = Release|Any CPU
	EndGlobalSection
	GlobalSection(ProjectConfigurationPlatforms) = postSolution
		{7996D4D5-2218-48D7-B4E7-96BA4EBC3BD7}.Debug|Any CPU.ActiveCfg = Debug|Any CPU
		{7996D4D5-2218-48D7-B4E7-96BA4EBC3BD7}.Debug|Any CPU.Build.0 = Debug|Any CPU
		{7996D4D5-2218-48D7-B4E7-96BA4EBC3BD7}.Release|Any CPU.ActiveCfg = Release|Any CPU
		{7996D4D5-2218-48D7-B4E7-96BA4EBC3BD7}.Release|Any CPU.Build.0 = Release|Any CPU
	EndGlobalSection
	GlobalSection(SolutionProperties) = preSolution
		HideSolutionNode = FALSE
	EndGlobalSection
	GlobalSection(ExtensibilityGlobals) = postSolution
		SolutionGuid = {B7019351-3175-4380-AA91-57C293490C58}
	EndGlobalSection
EndGlobal
